
Microsoft Visual Studio Solution File, Format Version 12.00
# Visual Studio 15
Project("{FAE04EC0-301F-11D3-BF4B-00C04F79EFBC}") = "CoreExample", "CoreExample\CoreExample.csproj", "{DC51A5C4-596C-44CD-93BC-BEA8F8428C37}"
EndProject
Global
	GlobalSection(SolutionConfigurationPlatforms) = preSolution
		Debug|Any CPU = Debug|Any CPU
		Release|Any CPU = Release|Any CPU
	EndGlobalSection
	GlobalSection(ProjectConfigurationPlatforms) = postSolution
		{DC51A5C4-596C-44CD-93BC-BEA8F8428C37}.Debug|Any CPU.ActiveCfg = Debug|Any CPU
		{DC51A5C4-596C-44CD-93BC-BEA8F8428C37}.Debug|Any CPU.Build.0 = Debug|Any CPU
		{DC51A5C4-596C-44CD-93BC-BEA8F8428C37}.Release|Any CPU.ActiveCfg = Release|Any CPU
		{DC51A5C4-596C-44CD-93BC-BEA8F8428C37}.Release|Any CPU.Build.0 = Release|Any CPU
	EndGlobalSection
EndGlobal
